
Microsoft Visual Studio Solution File, Format Version 12.00
# Visual Studio Version 16
VisualStudioVersion = 16.0.31624.102
MinimumVisualStudioVersion = 10.0.40219.1
Project("{FAE04EC0-301F-11D3-BF4B-00C04F79EFBC}") = "MailRobot", "MailRobot\MailRobot.csproj", "{4F220A1F-6F84-4A12-AD17-D839EDF8F8E3}"
EndProject
Project("{FAE04EC0-301F-11D3-BF4B-00C04F79EFBC}") = "IMAP", "IMAP\IMAP.csproj", "{077FEB5C-2097-4A09-80D8-303387BEA17D}"
EndProject
Project("{FAE04EC0-301F-11D3-BF4B-00C04F79EFBC}") = "IMAP-Move", "IMAP-Move\IMAP-Move.csproj", "{C47309B6-DAEE-41A9-8661-45E2559759F1}"
EndProject
Global
	GlobalSection(SolutionConfigurationPlatforms) = preSolution
		Debug|Any CPU = Debug|Any CPU
		Release|Any CPU = Release|Any CPU
	EndGlobalSection
	GlobalSection(ProjectConfigurationPlatforms) = postSolution
		{4F220A1F-6F84-4A12-AD17-D839EDF8F8E3}.Debug|Any CPU.ActiveCfg = Debug|Any CPU
		{4F220A1F-6F84-4A12-AD17-D839EDF8F8E3}.Debug|Any CPU.Build.0 = Debug|Any CPU
		{4F220A1F-6F84-4A12-AD17-D839EDF8F8E3}.Release|Any CPU.ActiveCfg = Release|Any CPU
		{4F220A1F-6F84-4A12-AD17-D839EDF8F8E3}.Release|Any CPU.Build.0 = Release|Any CPU
		{077FEB5C-2097-4A09-80D8-303387BEA17D}.Debug|Any CPU.ActiveCfg = Debug|Any CPU
		{077FEB5C-2097-4A09-80D8-303387BEA17D}.Debug|Any CPU.Build.0 = Debug|Any CPU
		{077FEB5C-2097-4A09-80D8-303387BEA17D}.Release|Any CPU.ActiveCfg = Release|Any CPU
		{077FEB5C-2097-4A09-80D8-303387BEA17D}.Release|Any CPU.Build.0 = Release|Any CPU
		{C47309B6-DAEE-41A9-8661-45E2559759F1}.Debug|Any CPU.ActiveCfg = Debug|Any CPU
		{C47309B6-DAEE-41A9-8661-45E2559759F1}.Debug|Any CPU.Build.0 = Debug|Any CPU
		{C47309B6-DAEE-41A9-8661-45E2559759F1}.Release|Any CPU.ActiveCfg = Release|Any CPU
		{C47309B6-DAEE-41A9-8661-45E2559759F1}.Release|Any CPU.Build.0 = Release|Any CPU
	EndGlobalSection
	GlobalSection(SolutionProperties) = preSolution
		HideSolutionNode = FALSE
	EndGlobalSection
	GlobalSection(ExtensibilityGlobals) = postSolution
		SolutionGuid = {7959EE56-BFC8-44D2-B4FE-A24E0718C1FD}
	EndGlobalSection
EndGlobal
